// !$*UTF8*$!
{
	archiveVersion = 1;
	classes = {
	};
	objectVersion = 46;
	objects = {

/* Begin PBXBuildFile section */
		290EE0F81A36CDE800799449 /* icon_menu@2x.png in Resources */ = {isa = PBXBuildFile; fileRef = 290EE0F21A36CDE800799449 /* icon_menu@2x.png */; };
		290EE0F91A36CDE800799449 /* mb_1@2x.png in Resources */ = {isa = PBXBuildFile; fileRef = 290EE0F31A36CDE800799449 /* mb_1@2x.png */; };
		290EE0FA1A36CDE800799449 /* mb_2@2x.png in Resources */ = {isa = PBXBuildFile; fileRef = 290EE0F41A36CDE800799449 /* mb_2@2x.png */; };
		290EE0FB1A36CDE800799449 /* mb_3@2x.png in Resources */ = {isa = PBXBuildFile; fileRef = 290EE0F51A36CDE800799449 /* mb_3@2x.png */; };
		290EE0FC1A36CDE800799449 /* mb_4@2x.png in Resources */ = {isa = PBXBuildFile; fileRef = 290EE0F61A36CDE800799449 /* mb_4@2x.png */; };
		290EE0FD1A36CDE800799449 /* mb_5@2x.png in Resources */ = {isa = PBXBuildFile; fileRef = 290EE0F71A36CDE800799449 /* mb_5@2x.png */; };
		2937ED701A1D3BDF0059461B /* main.m in Sources */ = {isa = PBXBuildFile; fileRef = 2937ED6F1A1D3BDF0059461B /* main.m */; };
		2937ED731A1D3BDF0059461B /* AppDelegate.m in Sources */ = {isa = PBXBuildFile; fileRef = 2937ED721A1D3BDF0059461B /* AppDelegate.m */; };
		2937ED7B1A1D3BDF0059461B /* Images.xcassets in Resources */ = {isa = PBXBuildFile; fileRef = 2937ED7A1A1D3BDF0059461B /* Images.xcassets */; };
		2937ED8A1A1D3BDF0059461B /* MinimalTabBarTests.m in Sources */ = {isa = PBXBuildFile; fileRef = 2937ED891A1D3BDF0059461B /* MinimalTabBarTests.m */; };
		2937ED9C1A1D3E0C0059461B /* UIMinimalTabBarController.m in Sources */ = {isa = PBXBuildFile; fileRef = 2937ED9B1A1D3E0C0059461B /* UIMinimalTabBarController.m */; };
		2937ED9F1A1D6C7F0059461B /* UIMinimalTabBar.m in Sources */ = {isa = PBXBuildFile; fileRef = 2937ED9E1A1D6C7F0059461B /* UIMinimalTabBar.m */; };
		29775B591A2FBB47007C81F9 /* UIViewHitTestOverride.m in Sources */ = {isa = PBXBuildFile; fileRef = 29775B581A2FBB47007C81F9 /* UIViewHitTestOverride.m */; };
		299045D31A344A540045F4A8 /* icon_1@2x.png in Resources */ = {isa = PBXBuildFile; fileRef = 299045CC1A344A540045F4A8 /* icon_1@2x.png */; };
		299045D41A344A540045F4A8 /* icon_2@2x.png in Resources */ = {isa = PBXBuildFile; fileRef = 299045CD1A344A540045F4A8 /* icon_2@2x.png */; };
		299045D51A344A540045F4A8 /* icon_3@2x.png in Resources */ = {isa = PBXBuildFile; fileRef = 299045CE1A344A540045F4A8 /* icon_3@2x.png */; };
		299045D61A344A540045F4A8 /* icon_4@2x.png in Resources */ = {isa = PBXBuildFile; fileRef = 299045CF1A344A540045F4A8 /* icon_4@2x.png */; };
		299045D71A344A540045F4A8 /* icon_5@2x.png in Resources */ = {isa = PBXBuildFile; fileRef = 299045D01A344A540045F4A8 /* icon_5@2x.png */; };
		29DCD55C1A34C83200DD96F9 /* UIMinimalTabBarButton.m in Sources */ = {isa = PBXBuildFile; fileRef = 29DCD55B1A34C83200DD96F9 /* UIMinimalTabBarButton.m */; };
/* End PBXBuildFile section */

/* Begin PBXContainerItemProxy section */
		2937ED841A1D3BDF0059461B /* PBXContainerItemProxy */ = {
			isa = PBXContainerItemProxy;
			containerPortal = 2937ED621A1D3BDF0059461B /* Project object */;
			proxyType = 1;
			remoteGlobalIDString = 2937ED691A1D3BDF0059461B;
			remoteInfo = MinimalTabBar;
		};
/* End PBXContainerItemProxy section */

/* Begin PBXFileReference section */
		290EE0F21A36CDE800799449 /* icon_menu@2x.png */ = {isa = PBXFileReference; lastKnownFileType = image.png; path = "icon_menu@2x.png"; sourceTree = "<group>"; };
		290EE0F31A36CDE800799449 /* mb_1@2x.png */ = {isa = PBXFileReference; lastKnownFileType = image.png; path = "mb_1@2x.png"; sourceTree = "<group>"; };
		290EE0F41A36CDE800799449 /* mb_2@2x.png */ = {isa = PBXFileReference; lastKnownFileType = image.png; path = "mb_2@2x.png"; sourceTree = "<group>"; };
		290EE0F51A36CDE800799449 /* mb_3@2x.png */ = {isa = PBXFileReference; lastKnownFileType = image.png; path = "mb_3@2x.png"; sourceTree = "<group>"; };
		290EE0F61A36CDE800799449 /* mb_4@2x.png */ = {isa = PBXFileReference; lastKnownFileType = image.png; path = "mb_4@2x.png"; sourceTree = "<group>"; };
		290EE0F71A36CDE800799449 /* mb_5@2x.png */ = {isa = PBXFileReference; lastKnownFileType = image.png; path = "mb_5@2x.png"; sourceTree = "<group>"; };
		2937ED6A1A1D3BDF0059461B /* MinimalTabBar.app */ = {isa = PBXFileReference; explicitFileType = wrapper.application; includeInIndex = 0; path = MinimalTabBar.app; sourceTree = BUILT_PRODUCTS_DIR; };
		2937ED6E1A1D3BDF0059461B /* Info.plist */ = {isa = PBXFileReference; lastKnownFileType = text.plist.xml; path = Info.plist; sourceTree = "<group>"; };
		2937ED6F1A1D3BDF0059461B /* main.m */ = {isa = PBXFileReference; lastKnownFileType = sourcecode.c.objc; path = main.m; sourceTree = "<group>"; };
		2937ED711A1D3BDF0059461B /* AppDelegate.h */ = {isa = PBXFileReference; lastKnownFileType = sourcecode.c.h; path = AppDelegate.h; sourceTree = "<group>"; };
		2937ED721A1D3BDF0059461B /* AppDelegate.m */ = {isa = PBXFileReference; lastKnownFileType = sourcecode.c.objc; path = AppDelegate.m; sourceTree = "<group>"; };
		2937ED7A1A1D3BDF0059461B /* Images.xcassets */ = {isa = PBXFileReference; lastKnownFileType = folder.assetcatalog; path = Images.xcassets; sourceTree = "<group>"; };
		2937ED831A1D3BDF0059461B /* MinimalTabBarTests.xctest */ = {isa = PBXFileReference; explicitFileType = wrapper.cfbundle; includeInIndex = 0; path = MinimalTabBarTests.xctest; sourceTree = BUILT_PRODUCTS_DIR; };
		2937ED881A1D3BDF0059461B /* Info.plist */ = {isa = PBXFileReference; lastKnownFileType = text.plist.xml; path = Info.plist; sourceTree = "<group>"; };
		2937ED891A1D3BDF0059461B /* MinimalTabBarTests.m */ = {isa = PBXFileReference; lastKnownFileType = sourcecode.c.objc; path = MinimalTabBarTests.m; sourceTree = "<group>"; };
		2937ED9A1A1D3E0C0059461B /* UIMinimalTabBarController.h */ = {isa = PBXFileReference; fileEncoding = 4; lastKnownFileType = sourcecode.c.h; path = UIMinimalTabBarController.h; sourceTree = "<group>"; };
		2937ED9B1A1D3E0C0059461B /* UIMinimalTabBarController.m */ = {isa = PBXFileReference; fileEncoding = 4; lastKnownFileType = sourcecode.c.objc; path = UIMinimalTabBarController.m; sourceTree = "<group>"; };
		2937ED9D1A1D6C7F0059461B /* UIMinimalTabBar.h */ = {isa = PBXFileReference; fileEncoding = 4; lastKnownFileType = sourcecode.c.h; path = UIMinimalTabBar.h; sourceTree = "<group>"; };
		2937ED9E1A1D6C7F0059461B /* UIMinimalTabBar.m */ = {isa = PBXFileReference; fileEncoding = 4; lastKnownFileType = sourcecode.c.objc; path = UIMinimalTabBar.m; sourceTree = "<group>"; };
		29775B571A2FBB47007C81F9 /* UIViewHitTestOverride.h */ = {isa = PBXFileReference; fileEncoding = 4; lastKnownFileType = sourcecode.c.h; path = UIViewHitTestOverride.h; sourceTree = "<group>"; };
		29775B581A2FBB47007C81F9 /* UIViewHitTestOverride.m */ = {isa = PBXFileReference; fileEncoding = 4; lastKnownFileType = sourcecode.c.objc; path = UIViewHitTestOverride.m; sourceTree = "<group>"; };
		299045CC1A344A540045F4A8 /* icon_1@2x.png */ = {isa = PBXFileReference; lastKnownFileType = image.png; path = "icon_1@2x.png"; sourceTree = "<group>"; };
		299045CD1A344A540045F4A8 /* icon_2@2x.png */ = {isa = PBXFileReference; lastKnownFileType = image.png; path = "icon_2@2x.png"; sourceTree = "<group>"; };
		299045CE1A344A540045F4A8 /* icon_3@2x.png */ = {isa = PBXFileReference; lastKnownFileType = image.png; path = "icon_3@2x.png"; sourceTree = "<group>"; };
		299045CF1A344A540045F4A8 /* icon_4@2x.png */ = {isa = PBXFileReference; lastKnownFileType = image.png; path = "icon_4@2x.png"; sourceTree = "<group>"; };
		299045D01A344A540045F4A8 /* icon_5@2x.png */ = {isa = PBXFileReference; lastKnownFileType = image.png; path = "icon_5@2x.png"; sourceTree = "<group>"; };
		299045E01A34C4A20045F4A8 /* Avenir Next Condensed.ttc */ = {isa = PBXFileReference; lastKnownFileType = file; path = "Avenir Next Condensed.ttc"; sourceTree = "<group>"; };
		299045E11A34C4A20045F4A8 /* Avenir Next.ttc */ = {isa = PBXFileReference; lastKnownFileType = file; path = "Avenir Next.ttc"; sourceTree = "<group>"; };
		29DCD55A1A34C83200DD96F9 /* UIMinimalTabBarButton.h */ = {isa = PBXFileReference; fileEncoding = 4; lastKnownFileType = sourcecode.c.h; path = UIMinimalTabBarButton.h; sourceTree = "<group>"; };
		29DCD55B1A34C83200DD96F9 /* UIMinimalTabBarButton.m */ = {isa = PBXFileReference; fileEncoding = 4; lastKnownFileType = sourcecode.c.objc; path = UIMinimalTabBarButton.m; sourceTree = "<group>"; };
/* End PBXFileReference section */

/* Begin PBXFrameworksBuildPhase section */
		2937ED671A1D3BDF0059461B /* Frameworks */ = {
			isa = PBXFrameworksBuildPhase;
			buildActionMask = 2147483647;
			files = (
			);
			runOnlyForDeploymentPostprocessing = 0;
		};
		2937ED801A1D3BDF0059461B /* Frameworks */ = {
			isa = PBXFrameworksBuildPhase;
			buildActionMask = 2147483647;
			files = (
			);
			runOnlyForDeploymentPostprocessing = 0;
		};
/* End PBXFrameworksBuildPhase section */

/* Begin PBXGroup section */
		2937ED611A1D3BDF0059461B = {
			isa = PBXGroup;
			children = (
				2937ED6C1A1D3BDF0059461B /* MinimalTabBar */,
				2937ED861A1D3BDF0059461B /* MinimalTabBarTests */,
				2937ED6B1A1D3BDF0059461B /* Products */,
			);
			sourceTree = "<group>";
		};
		2937ED6B1A1D3BDF0059461B /* Products */ = {
			isa = PBXGroup;
			children = (
				2937ED6A1A1D3BDF0059461B /* MinimalTabBar.app */,
				2937ED831A1D3BDF0059461B /* MinimalTabBarTests.xctest */,
			);
			name = Products;
			sourceTree = "<group>";
		};
		2937ED6C1A1D3BDF0059461B /* MinimalTabBar */ = {
			isa = PBXGroup;
			children = (
				2937ED711A1D3BDF0059461B /* AppDelegate.h */,
				2937ED721A1D3BDF0059461B /* AppDelegate.m */,
				299045E21A34C4AC0045F4A8 /* Fonts */,
				299045CB1A344A380045F4A8 /* Images */,
				2937ED991A1D3BF70059461B /* Minimal_Tabbar */,
				2937ED7A1A1D3BDF0059461B /* Images.xcassets */,
				2937ED6D1A1D3BDF0059461B /* Supporting Files */,
			);
			path = MinimalTabBar;
			sourceTree = "<group>";
		};
		2937ED6D1A1D3BDF0059461B /* Supporting Files */ = {
			isa = PBXGroup;
			children = (
				2937ED6E1A1D3BDF0059461B /* Info.plist */,
				2937ED6F1A1D3BDF0059461B /* main.m */,
			);
			name = "Supporting Files";
			sourceTree = "<group>";
		};
		2937ED861A1D3BDF0059461B /* MinimalTabBarTests */ = {
			isa = PBXGroup;
			children = (
				2937ED891A1D3BDF0059461B /* MinimalTabBarTests.m */,
				2937ED871A1D3BDF0059461B /* Supporting Files */,
			);
			path = MinimalTabBarTests;
			sourceTree = "<group>";
		};
		2937ED871A1D3BDF0059461B /* Supporting Files */ = {
			isa = PBXGroup;
			children = (
				2937ED881A1D3BDF0059461B /* Info.plist */,
			);
			name = "Supporting Files";
			sourceTree = "<group>";
		};
		2937ED991A1D3BF70059461B /* Minimal_Tabbar */ = {
			isa = PBXGroup;
			children = (
				2937ED9A1A1D3E0C0059461B /* UIMinimalTabBarController.h */,
				2937ED9B1A1D3E0C0059461B /* UIMinimalTabBarController.m */,
				2937ED9D1A1D6C7F0059461B /* UIMinimalTabBar.h */,
				2937ED9E1A1D6C7F0059461B /* UIMinimalTabBar.m */,
				29775B571A2FBB47007C81F9 /* UIViewHitTestOverride.h */,
				29775B581A2FBB47007C81F9 /* UIViewHitTestOverride.m */,
				29DCD55A1A34C83200DD96F9 /* UIMinimalTabBarButton.h */,
				29DCD55B1A34C83200DD96F9 /* UIMinimalTabBarButton.m */,
			);
			name = Minimal_Tabbar;
			sourceTree = "<group>";
		};
		299045CB1A344A380045F4A8 /* Images */ = {
			isa = PBXGroup;
			children = (
				290EE0F21A36CDE800799449 /* icon_menu@2x.png */,
				290EE0F31A36CDE800799449 /* mb_1@2x.png */,
				290EE0F41A36CDE800799449 /* mb_2@2x.png */,
				290EE0F51A36CDE800799449 /* mb_3@2x.png */,
				290EE0F61A36CDE800799449 /* mb_4@2x.png */,
				290EE0F71A36CDE800799449 /* mb_5@2x.png */,
				299045CC1A344A540045F4A8 /* icon_1@2x.png */,
				299045CD1A344A540045F4A8 /* icon_2@2x.png */,
				299045CE1A344A540045F4A8 /* icon_3@2x.png */,
				299045CF1A344A540045F4A8 /* icon_4@2x.png */,
				299045D01A344A540045F4A8 /* icon_5@2x.png */,
			);
			name = Images;
			sourceTree = "<group>";
		};
		299045E21A34C4AC0045F4A8 /* Fonts */ = {
			isa = PBXGroup;
			children = (
				299045E01A34C4A20045F4A8 /* Avenir Next Condensed.ttc */,
				299045E11A34C4A20045F4A8 /* Avenir Next.ttc */,
			);
			name = Fonts;
			sourceTree = "<group>";
		};
/* End PBXGroup section */

/* Begin PBXNativeTarget section */
		2937ED691A1D3BDF0059461B /* MinimalTabBar */ = {
			isa = PBXNativeTarget;
			buildConfigurationList = 2937ED8D1A1D3BDF0059461B /* Build configuration list for PBXNativeTarget "MinimalTabBar" */;
			buildPhases = (
				2937ED661A1D3BDF0059461B /* Sources */,
				2937ED671A1D3BDF0059461B /* Frameworks */,
				2937ED681A1D3BDF0059461B /* Resources */,
			);
			buildRules = (
			);
			dependencies = (
			);
			name = MinimalTabBar;
			productName = MinimalTabBar;
			productReference = 2937ED6A1A1D3BDF0059461B /* MinimalTabBar.app */;
			productType = "com.apple.product-type.application";
		};
		2937ED821A1D3BDF0059461B /* MinimalTabBarTests */ = {
			isa = PBXNativeTarget;
			buildConfigurationList = 2937ED901A1D3BDF0059461B /* Build configuration list for PBXNativeTarget "MinimalTabBarTests" */;
			buildPhases = (
				2937ED7F1A1D3BDF0059461B /* Sources */,
				2937ED801A1D3BDF0059461B /* Frameworks */,
				2937ED811A1D3BDF0059461B /* Resources */,
			);
			buildRules = (
			);
			dependencies = (
				2937ED851A1D3BDF0059461B /* PBXTargetDependency */,
			);
			name = MinimalTabBarTests;
			productName = MinimalTabBarTests;
			productReference = 2937ED831A1D3BDF0059461B /* MinimalTabBarTests.xctest */;
			productType = "com.apple.product-type.bundle.unit-test";
		};
/* End PBXNativeTarget section */

/* Begin PBXProject section */
		2937ED621A1D3BDF0059461B /* Project object */ = {
			isa = PBXProject;
			attributes = {
				LastUpgradeCheck = 0610;
				ORGANIZATIONNAME = James.Dunay;
				TargetAttributes = {
					2937ED691A1D3BDF0059461B = {
						CreatedOnToolsVersion = 6.1;
					};
					2937ED821A1D3BDF0059461B = {
						CreatedOnToolsVersion = 6.1;
						TestTargetID = 2937ED691A1D3BDF0059461B;
					};
				};
			};
			buildConfigurationList = 2937ED651A1D3BDF0059461B /* Build configuration list for PBXProject "MinimalTabBar" */;
			compatibilityVersion = "Xcode 3.2";
			developmentRegion = English;
			hasScannedForEncodings = 0;
			knownRegions = (
				en,
				Base,
			);
			mainGroup = 2937ED611A1D3BDF0059461B;
			productRefGroup = 2937ED6B1A1D3BDF0059461B /* Products */;
			projectDirPath = "";
			projectRoot = "";
			targets = (
				2937ED691A1D3BDF0059461B /* MinimalTabBar */,
				2937ED821A1D3BDF0059461B /* MinimalTabBarTests */,
			);
		};
/* End PBXProject section */

/* Begin PBXResourcesBuildPhase section */
		2937ED681A1D3BDF0059461B /* Resources */ = {
			isa = PBXResourcesBuildPhase;
			buildActionMask = 2147483647;
			files = (
				290EE0F91A36CDE800799449 /* mb_1@2x.png in Resources */,
				290EE0FD1A36CDE800799449 /* mb_5@2x.png in Resources */,
				299045D71A344A540045F4A8 /* icon_5@2x.png in Resources */,
				299045D51A344A540045F4A8 /* icon_3@2x.png in Resources */,
				299045D41A344A540045F4A8 /* icon_2@2x.png in Resources */,
				299045D31A344A540045F4A8 /* icon_1@2x.png in Resources */,
				2937ED7B1A1D3BDF0059461B /* Images.xcassets in Resources */,
				290EE0F81A36CDE800799449 /* icon_menu@2x.png in Resources */,
				290EE0FB1A36CDE800799449 /* mb_3@2x.png in Resources */,
				290EE0FA1A36CDE800799449 /* mb_2@2x.png in Resources */,
				290EE0FC1A36CDE800799449 /* mb_4@2x.png in Resources */,
				299045D61A344A540045F4A8 /* icon_4@2x.png in Resources */,
			);
			runOnlyForDeploymentPostprocessing = 0;
		};
		2937ED811A1D3BDF0059461B /* Resources */ = {
			isa = PBXResourcesBuildPhase;
			buildActionMask = 2147483647;
			files = (
			);
			runOnlyForDeploymentPostprocessing = 0;
		};
/* End PBXResourcesBuildPhase section */

/* Begin PBXSourcesBuildPhase section */
		2937ED661A1D3BDF0059461B /* Sources */ = {
			isa = PBXSourcesBuildPhase;
			buildActionMask = 2147483647;
			files = (
				2937ED9F1A1D6C7F0059461B /* UIMinimalTabBar.m in Sources */,
				29775B591A2FBB47007C81F9 /* UIViewHitTestOverride.m in Sources */,
				2937ED731A1D3BDF0059461B /* AppDelegate.m in Sources */,
				2937ED701A1D3BDF0059461B /* main.m in Sources */,
				29DCD55C1A34C83200DD96F9 /* UIMinimalTabBarButton.m in Sources */,
				2937ED9C1A1D3E0C0059461B /* UIMinimalTabBarController.m in Sources */,
			);
			runOnlyForDeploymentPostprocessing = 0;
		};
		2937ED7F1A1D3BDF0059461B /* Sources */ = {
			isa = PBXSourcesBuildPhase;
			buildActionMask = 2147483647;
			files = (
				2937ED8A1A1D3BDF0059461B /* MinimalTabBarTests.m in Sources */,
			);
			runOnlyForDeploymentPostprocessing = 0;
		};
/* End PBXSourcesBuildPhase section */

/* Begin PBXTargetDependency section */
		2937ED851A1D3BDF0059461B /* PBXTargetDependency */ = {
			isa = PBXTargetDependency;
			target = 2937ED691A1D3BDF0059461B /* MinimalTabBar */;
			targetProxy = 2937ED841A1D3BDF0059461B /* PBXContainerItemProxy */;
		};
/* End PBXTargetDependency section */

/* Begin XCBuildConfiguration section */
		2937ED8B1A1D3BDF0059461B /* Debug */ = {
			isa = XCBuildConfiguration;
			buildSettings = {
				ALWAYS_SEARCH_USER_PATHS = NO;
				CLANG_CXX_LANGUAGE_STANDARD = "gnu++0x";
				CLANG_CXX_LIBRARY = "libc++";
				CLANG_ENABLE_MODULES = YES;
				CLANG_ENABLE_OBJC_ARC = YES;
				CLANG_WARN_BOOL_CONVERSION = YES;
				CLANG_WARN_CONSTANT_CONVERSION = YES;
				CLANG_WARN_DIRECT_OBJC_ISA_USAGE = YES_ERROR;
				CLANG_WARN_EMPTY_BODY = YES;
				CLANG_WARN_ENUM_CONVERSION = YES;
				CLANG_WARN_INT_CONVERSION = YES;
				CLANG_WARN_OBJC_ROOT_CLASS = YES_ERROR;
				CLANG_WARN_UNREACHABLE_CODE = YES;
				CLANG_WARN__DUPLICATE_METHOD_MATCH = YES;
				"CODE_SIGN_IDENTITY[sdk=iphoneos*]" = "iPhone Developer";
				COPY_PHASE_STRIP = NO;
				ENABLE_STRICT_OBJC_MSGSEND = YES;
				GCC_C_LANGUAGE_STANDARD = gnu99;
				GCC_DYNAMIC_NO_PIC = NO;
				GCC_OPTIMIZATION_LEVEL = 0;
				GCC_PREPROCESSOR_DEFINITIONS = (
					"DEBUG=1",
					"$(inherited)",
				);
				GCC_SYMBOLS_PRIVATE_EXTERN = NO;
				GCC_WARN_64_TO_32_BIT_CONVERSION = YES;
				GCC_WARN_ABOUT_RETURN_TYPE = YES_ERROR;
				GCC_WARN_UNDECLARED_SELECTOR = YES;
				GCC_WARN_UNINITIALIZED_AUTOS = YES_AGGRESSIVE;
				GCC_WARN_UNUSED_FUNCTION = YES;
				GCC_WARN_UNUSED_VARIABLE = YES;
				IPHONEOS_DEPLOYMENT_TARGET = 8.1;
				MTL_ENABLE_DEBUG_INFO = YES;
				ONLY_ACTIVE_ARCH = YES;
				SDKROOT = iphoneos;
				TARGETED_DEVICE_FAMILY = "1,2";
			};
			name = Debug;
		};
		2937ED8C1A1D3BDF0059461B /* Release */ = {
			isa = XCBuildConfiguration;
			buildSettings = {
				ALWAYS_SEARCH_USER_PATHS = NO;
				CLANG_CXX_LANGUAGE_STANDARD = "gnu++0x";
				CLANG_CXX_LIBRARY = "libc++";
				CLANG_ENABLE_MODULES = YES;
				CLANG_ENABLE_OBJC_ARC = YES;
				CLANG_WARN_BOOL_CONVERSION = YES;
				CLANG_WARN_CONSTANT_CONVERSION = YES;
				CLANG_WARN_DIRECT_OBJC_ISA_USAGE = YES_ERROR;
				CLANG_WARN_EMPTY_BODY = YES;
				CLANG_WARN_ENUM_CONVERSION = YES;
				CLANG_WARN_INT_CONVERSION = YES;
				CLANG_WARN_OBJC_ROOT_CLASS = YES_ERROR;
				CLANG_WARN_UNREACHABLE_CODE = YES;
				CLANG_WARN__DUPLICATE_METHOD_MATCH = YES;
				"CODE_SIGN_IDENTITY[sdk=iphoneos*]" = "iPhone Developer";
				COPY_PHASE_STRIP = YES;
				ENABLE_NS_ASSERTIONS = NO;
				ENABLE_STRICT_OBJC_MSGSEND = YES;
				GCC_C_LANGUAGE_STANDARD = gnu99;
				GCC_WARN_64_TO_32_BIT_CONVERSION = YES;
				GCC_WARN_ABOUT_RETURN_TYPE = YES_ERROR;
				GCC_WARN_UNDECLARED_SELECTOR = YES;
				GCC_WARN_UNINITIALIZED_AUTOS = YES_AGGRESSIVE;
				GCC_WARN_UNUSED_FUNCTION = YES;
				GCC_WARN_UNUSED_VARIABLE = YES;
				IPHONEOS_DEPLOYMENT_TARGET = 8.1;
				MTL_ENABLE_DEBUG_INFO = NO;
				SDKROOT = iphoneos;
				TARGETED_DEVICE_FAMILY = "1,2";
				VALIDATE_PRODUCT = YES;
			};
			name = Release;
		};
		2937ED8E1A1D3BDF0059461B /* Debug */ = {
			isa = XCBuildConfiguration;
			buildSettings = {
				ASSETCATALOG_COMPILER_APPICON_NAME = AppIcon;
				INFOPLIST_FILE = MinimalTabBar/Info.plist;
				IPHONEOS_DEPLOYMENT_TARGET = 8.0;
				LD_RUNPATH_SEARCH_PATHS = "$(inherited) @executable_path/Frameworks";
				PRODUCT_NAME = "$(TARGET_NAME)";
				PROVISIONING_PROFILE = "15c091df-a328-4d92-b6a9-2c52041ec1c0";
				TARGETED_DEVICE_FAMILY = "1,2";
			};
			name = Debug;
		};
		2937ED8F1A1D3BDF0059461B /* Release */ = {
			isa = XCBuildConfiguration;
			buildSettings = {
				ASSETCATALOG_COMPILER_APPICON_NAME = AppIcon;
				INFOPLIST_FILE = MinimalTabBar/Info.plist;
				IPHONEOS_DEPLOYMENT_TARGET = 8.0;
				LD_RUNPATH_SEARCH_PATHS = "$(inherited) @executable_path/Frameworks";
				PRODUCT_NAME = "$(TARGET_NAME)";
				PROVISIONING_PROFILE = "15c091df-a328-4d92-b6a9-2c52041ec1c0";
				TARGETED_DEVICE_FAMILY = "1,2";
			};
			name = Release;
		};
		2937ED911A1D3BDF0059461B /* Debug */ = {
			isa = XCBuildConfiguration;
			buildSettings = {
				BUNDLE_LOADER = "$(TEST_HOST)";
				FRAMEWORK_SEARCH_PATHS = (
					"$(SDKROOT)/Developer/Library/Frameworks",
					"$(inherited)",
				);
				GCC_PREPROCESSOR_DEFINITIONS = (
					"DEBUG=1",
					"$(inherited)",
				);
				INFOPLIST_FILE = MinimalTabBarTests/Info.plist;
				LD_RUNPATH_SEARCH_PATHS = "$(inherited) @executable_path/Frameworks @loader_path/Frameworks";
				PRODUCT_NAME = "$(TARGET_NAME)";
				TEST_HOST = "$(BUILT_PRODUCTS_DIR)/MinimalTabBar.app/MinimalTabBar";
			};
			name = Debug;
		};
		2937ED921A1D3BDF0059461B /* Release */ = {
			isa = XCBuildConfiguration;
			buildSettings = {
				BUNDLE_LOADER = "$(TEST_HOST)";
				FRAMEWORK_SEARCH_PATHS = (
					"$(SDKROOT)/Developer/Library/Frameworks",
					"$(inherited)",
				);
				INFOPLIST_FILE = MinimalTabBarTests/Info.plist;
				LD_RUNPATH_SEARCH_PATHS = "$(inherited) @executable_path/Frameworks @loader_path/Frameworks";
				PRODUCT_NAME = "$(TARGET_NAME)";
				TEST_HOST = "$(BUILT_PRODUCTS_DIR)/MinimalTabBar.app/MinimalTabBar";
			};
			name = Release;
		};
/* End XCBuildConfiguration section */

/* Begin XCConfigurationList section */
		2937ED651A1D3BDF0059461B /* Build configuration list for PBXProject "MinimalTabBar" */ = {
			isa = XCConfigurationList;
			buildConfigurations = (
				2937ED8B1A1D3BDF0059461B /* Debug */,
				2937ED8C1A1D3BDF0059461B /* Release */,
			);
			defaultConfigurationIsVisible = 0;
			defaultConfigurationName = Release;
		};
		2937ED8D1A1D3BDF0059461B /* Build configuration list for PBXNativeTarget "MinimalTabBar" */ = {
			isa = XCConfigurationList;
			buildConfigurations = (
				2937ED8E1A1D3BDF0059461B /* Debug */,
				2937ED8F1A1D3BDF0059461B /* Release */,
			);
			defaultConfigurationIsVisible = 0;
			defaultConfigurationName = Release;
		};
		2937ED901A1D3BDF0059461B /* Build configuration list for PBXNativeTarget "MinimalTabBarTests" */ = {
			isa = XCConfigurationList;
			buildConfigurations = (
				2937ED911A1D3BDF0059461B /* Debug */,
				2937ED921A1D3BDF0059461B /* Release */,
			);
			defaultConfigurationIsVisible = 0;
			defaultConfigurationName = Release;
		};
/* End XCConfigurationList section */
	};
	rootObject = 2937ED621A1D3BDF0059461B /* Project object */;
}
